// !$*UTF8*$!
{
	archiveVersion = 1;
	classes = {
	};
	objectVersion = 46;
	objects = {

/* Begin PBXBuildFile section */
		7772AC9C1C44D4F800ABF7FD /* UIImage+Modifications.m in Sources */ = {isa = PBXBuildFile; fileRef = 7772AC9B1C44D4F800ABF7FD /* UIImage+Modifications.m */; };
		77F02A641C2E7EA8005825A8 /* main.m in Sources */ = {isa = PBXBuildFile; fileRef = 77F02A631C2E7EA8005825A8 /* main.m */; };
		77F02A671C2E7EA8005825A8 /* AppDelegate.m in Sources */ = {isa = PBXBuildFile; fileRef = 77F02A661C2E7EA8005825A8 /* AppDelegate.m */; };
		77F02A6A1C2E7EA8005825A8 /* ViewController.m in Sources */ = {isa = PBXBuildFile; fileRef = 77F02A691C2E7EA8005825A8 /* ViewController.m */; };
		77F02A6D1C2E7EA8005825A8 /* Main.storyboard in Resources */ = {isa = PBXBuildFile; fileRef = 77F02A6B1C2E7EA8005825A8 /* Main.storyboard */; };
		77F02A6F1C2E7EA8005825A8 /* Assets.xcassets in Resources */ = {isa = PBXBuildFile; fileRef = 77F02A6E1C2E7EA8005825A8 /* Assets.xcassets */; };
		77F02A721C2E7EA8005825A8 /* LaunchScreen.storyboard in Resources */ = {isa = PBXBuildFile; fileRef = 77F02A701C2E7EA8005825A8 /* LaunchScreen.storyboard */; };
		77F02A7D1C2E7EA8005825A8 /* PuzzleDemoTests.m in Sources */ = {isa = PBXBuildFile; fileRef = 77F02A7C1C2E7EA8005825A8 /* PuzzleDemoTests.m */; };
		77F02A881C2E7EA8005825A8 /* PuzzleDemoUITests.m in Sources */ = {isa = PBXBuildFile; fileRef = 77F02A871C2E7EA8005825A8 /* PuzzleDemoUITests.m */; };
		CC4390935164C6A886A08670 /* libPods.a in Frameworks */ = {isa = PBXBuildFile; fileRef = 0C3A8243F6FD9609BF2611B8 /* libPods.a */; };
/* End PBXBuildFile section */

/* Begin PBXContainerItemProxy section */
		77F02A791C2E7EA8005825A8 /* PBXContainerItemProxy */ = {
			isa = PBXContainerItemProxy;
			containerPortal = 77F02A571C2E7EA8005825A8 /* Project object */;
			proxyType = 1;
			remoteGlobalIDString = 77F02A5E1C2E7EA8005825A8;
			remoteInfo = PuzzleDemo;
		};
		77F02A841C2E7EA8005825A8 /* PBXContainerItemProxy */ = {
			isa = PBXContainerItemProxy;
			containerPortal = 77F02A571C2E7EA8005825A8 /* Project object */;
			proxyType = 1;
			remoteGlobalIDString = 77F02A5E1C2E7EA8005825A8;
			remoteInfo = PuzzleDemo;
		};
/* End PBXContainerItemProxy section */

/* Begin PBXFileReference section */
		0C3A8243F6FD9609BF2611B8 /* libPods.a */ = {isa = PBXFileReference; explicitFileType = archive.ar; includeInIndex = 0; path = libPods.a; sourceTree = BUILT_PRODUCTS_DIR; };
		7772AC9A1C44D4F800ABF7FD /* UIImage+Modifications.h */ = {isa = PBXFileReference; fileEncoding = 4; lastKnownFileType = sourcecode.c.h; path = "UIImage+Modifications.h"; sourceTree = "<group>"; };
		7772AC9B1C44D4F800ABF7FD /* UIImage+Modifications.m */ = {isa = PBXFileReference; fileEncoding = 4; lastKnownFileType = sourcecode.c.objc; path = "UIImage+Modifications.m"; sourceTree = "<group>"; };
		77F02A5F1C2E7EA8005825A8 /* PuzzleDemo.app */ = {isa = PBXFileReference; explicitFileType = wrapper.application; includeInIndex = 0; path = PuzzleDemo.app; sourceTree = BUILT_PRODUCTS_DIR; };
		77F02A631C2E7EA8005825A8 /* main.m */ = {isa = PBXFileReference; lastKnownFileType = sourcecode.c.objc; path = main.m; sourceTree = "<group>"; };
		77F02A651C2E7EA8005825A8 /* AppDelegate.h */ = {isa = PBXFileReference; lastKnownFileType = sourcecode.c.h; path = AppDelegate.h; sourceTree = "<group>"; };
		77F02A661C2E7EA8005825A8 /* AppDelegate.m */ = {isa = PBXFileReference; lastKnownFileType = sourcecode.c.objc; path = AppDelegate.m; sourceTree = "<group>"; };
		77F02A681C2E7EA8005825A8 /* ViewController.h */ = {isa = PBXFileReference; lastKnownFileType = sourcecode.c.h; path = ViewController.h; sourceTree = "<group>"; };
		77F02A691C2E7EA8005825A8 /* ViewController.m */ = {isa = PBXFileReference; lastKnownFileType = sourcecode.c.objc; path = ViewController.m; sourceTree = "<group>"; };
		77F02A6C1C2E7EA8005825A8 /* Base */ = {isa = PBXFileReference; lastKnownFileType = file.storyboard; name = Base; path = Base.lproj/Main.storyboard; sourceTree = "<group>"; };
		77F02A6E1C2E7EA8005825A8 /* Assets.xcassets */ = {isa = PBXFileReference; lastKnownFileType = folder.assetcatalog; path = Assets.xcassets; sourceTree = "<group>"; };
		77F02A711C2E7EA8005825A8 /* Base */ = {isa = PBXFileReference; lastKnownFileType = file.storyboard; name = Base; path = Base.lproj/LaunchScreen.storyboard; sourceTree = "<group>"; };
		77F02A731C2E7EA8005825A8 /* Info.plist */ = {isa = PBXFileReference; lastKnownFileType = text.plist.xml; path = Info.plist; sourceTree = "<group>"; };
		77F02A781C2E7EA8005825A8 /* PuzzleDemoTests.xctest */ = {isa = PBXFileReference; explicitFileType = wrapper.cfbundle; includeInIndex = 0; path = PuzzleDemoTests.xctest; sourceTree = BUILT_PRODUCTS_DIR; };
		77F02A7C1C2E7EA8005825A8 /* PuzzleDemoTests.m */ = {isa = PBXFileReference; lastKnownFileType = sourcecode.c.objc; path = PuzzleDemoTests.m; sourceTree = "<group>"; };
		77F02A7E1C2E7EA8005825A8 /* Info.plist */ = {isa = PBXFileReference; lastKnownFileType = text.plist.xml; path = Info.plist; sourceTree = "<group>"; };
		77F02A831C2E7EA8005825A8 /* PuzzleDemoUITests.xctest */ = {isa = PBXFileReference; explicitFileType = wrapper.cfbundle; includeInIndex = 0; path = PuzzleDemoUITests.xctest; sourceTree = BUILT_PRODUCTS_DIR; };
		77F02A871C2E7EA8005825A8 /* PuzzleDemoUITests.m */ = {isa = PBXFileReference; lastKnownFileType = sourcecode.c.objc; path = PuzzleDemoUITests.m; sourceTree = "<group>"; };
		77F02A891C2E7EA8005825A8 /* Info.plist */ = {isa = PBXFileReference; lastKnownFileType = text.plist.xml; path = Info.plist; sourceTree = "<group>"; };
		77F02A961C2E8467005825A8 /* PrefixHeader.pch */ = {isa = PBXFileReference; fileEncoding = 4; lastKnownFileType = sourcecode.c.h; path = PrefixHeader.pch; sourceTree = "<group>"; };
		EC5E20402DC21E79D29DED63 /* Pods.release.xcconfig */ = {isa = PBXFileReference; includeInIndex = 1; lastKnownFileType = text.xcconfig; name = Pods.release.xcconfig; path = "Pods/Target Support Files/Pods/Pods.release.xcconfig"; sourceTree = "<group>"; };
		F7081A045CEB4A3726F4E190 /* Pods.debug.xcconfig */ = {isa = PBXFileReference; includeInIndex = 1; lastKnownFileType = text.xcconfig; name = Pods.debug.xcconfig; path = "Pods/Target Support Files/Pods/Pods.debug.xcconfig"; sourceTree = "<group>"; };
/* End PBXFileReference section */

/* Begin PBXFrameworksBuildPhase section */
		77F02A5C1C2E7EA8005825A8 /* Frameworks */ = {
			isa = PBXFrameworksBuildPhase;
			buildActionMask = 2147483647;
			files = (
				CC4390935164C6A886A08670 /* libPods.a in Frameworks */,
			);
			runOnlyForDeploymentPostprocessing = 0;
		};
		77F02A751C2E7EA8005825A8 /* Frameworks */ = {
			isa = PBXFrameworksBuildPhase;
			buildActionMask = 2147483647;
			files = (
			);
			runOnlyForDeploymentPostprocessing = 0;
		};
		77F02A801C2E7EA8005825A8 /* Frameworks */ = {
			isa = PBXFrameworksBuildPhase;
			buildActionMask = 2147483647;
			files = (
			);
			runOnlyForDeploymentPostprocessing = 0;
		};
/* End PBXFrameworksBuildPhase section */

/* Begin PBXGroup section */
		64929E7ABACA5E88CA366DE0 /* Pods */ = {
			isa = PBXGroup;
			children = (
				F7081A045CEB4A3726F4E190 /* Pods.debug.xcconfig */,
				EC5E20402DC21E79D29DED63 /* Pods.release.xcconfig */,
			);
			name = Pods;
			sourceTree = "<group>";
		};
		77F02A561C2E7EA8005825A8 = {
			isa = PBXGroup;
			children = (
				77F02A611C2E7EA8005825A8 /* PuzzleDemo */,
				77F02A7B1C2E7EA8005825A8 /* PuzzleDemoTests */,
				77F02A861C2E7EA8005825A8 /* PuzzleDemoUITests */,
				77F02A601C2E7EA8005825A8 /* Products */,
				64929E7ABACA5E88CA366DE0 /* Pods */,
				A07E8AE634BC24963B97D1FF /* Frameworks */,
			);
			sourceTree = "<group>";
		};
		77F02A601C2E7EA8005825A8 /* Products */ = {
			isa = PBXGroup;
			children = (
				77F02A5F1C2E7EA8005825A8 /* PuzzleDemo.app */,
				77F02A781C2E7EA8005825A8 /* PuzzleDemoTests.xctest */,
				77F02A831C2E7EA8005825A8 /* PuzzleDemoUITests.xctest */,
			);
			name = Products;
			sourceTree = "<group>";
		};
		77F02A611C2E7EA8005825A8 /* PuzzleDemo */ = {
			isa = PBXGroup;
			children = (
				77F02A651C2E7EA8005825A8 /* AppDelegate.h */,
				77F02A661C2E7EA8005825A8 /* AppDelegate.m */,
				77F02A681C2E7EA8005825A8 /* ViewController.h */,
				77F02A691C2E7EA8005825A8 /* ViewController.m */,
				7772AC9A1C44D4F800ABF7FD /* UIImage+Modifications.h */,
				7772AC9B1C44D4F800ABF7FD /* UIImage+Modifications.m */,
				77F02A6B1C2E7EA8005825A8 /* Main.storyboard */,
				77F02A6E1C2E7EA8005825A8 /* Assets.xcassets */,
				77F02A701C2E7EA8005825A8 /* LaunchScreen.storyboard */,
				77F02A731C2E7EA8005825A8 /* Info.plist */,
				77F02A621C2E7EA8005825A8 /* Supporting Files */,
			);
			path = PuzzleDemo;
			sourceTree = "<group>";
		};
		77F02A621C2E7EA8005825A8 /* Supporting Files */ = {
			isa = PBXGroup;
			children = (
				77F02A631C2E7EA8005825A8 /* main.m */,
				77F02A961C2E8467005825A8 /* PrefixHeader.pch */,
			);
			name = "Supporting Files";
			sourceTree = "<group>";
		};
		77F02A7B1C2E7EA8005825A8 /* PuzzleDemoTests */ = {
			isa = PBXGroup;
			children = (
				77F02A7C1C2E7EA8005825A8 /* PuzzleDemoTests.m */,
				77F02A7E1C2E7EA8005825A8 /* Info.plist */,
			);
			path = PuzzleDemoTests;
			sourceTree = "<group>";
		};
		77F02A861C2E7EA8005825A8 /* PuzzleDemoUITests */ = {
			isa = PBXGroup;
			children = (
				77F02A871C2E7EA8005825A8 /* PuzzleDemoUITests.m */,
				77F02A891C2E7EA8005825A8 /* Info.plist */,
			);
			path = PuzzleDemoUITests;
			sourceTree = "<group>";
		};
		A07E8AE634BC24963B97D1FF /* Frameworks */ = {
			isa = PBXGroup;
			children = (
				0C3A8243F6FD9609BF2611B8 /* libPods.a */,
			);
			name = Frameworks;
			sourceTree = "<group>";
		};
/* End PBXGroup section */

/* Begin PBXNativeTarget section */
		77F02A5E1C2E7EA8005825A8 /* PuzzleDemo */ = {
			isa = PBXNativeTarget;
			buildConfigurationList = 77F02A8C1C2E7EA8005825A8 /* Build configuration list for PBXNativeTarget "PuzzleDemo" */;
			buildPhases = (
				76B36B3F229020871B0AEA08 /* Check Pods Manifest.lock */,
				77F02A5B1C2E7EA8005825A8 /* Sources */,
				77F02A5C1C2E7EA8005825A8 /* Frameworks */,
				77F02A5D1C2E7EA8005825A8 /* Resources */,
				097A891E9E5C07E7AAEB5CD9 /* Copy Pods Resources */,
			);
			buildRules = (
			);
			dependencies = (
			);
			name = PuzzleDemo;
			productName = PuzzleDemo;
			productReference = 77F02A5F1C2E7EA8005825A8 /* PuzzleDemo.app */;
			productType = "com.apple.product-type.application";
		};
		77F02A771C2E7EA8005825A8 /* PuzzleDemoTests */ = {
			isa = PBXNativeTarget;
			buildConfigurationList = 77F02A8F1C2E7EA8005825A8 /* Build configuration list for PBXNativeTarget "PuzzleDemoTests" */;
			buildPhases = (
				77F02A741C2E7EA8005825A8 /* Sources */,
				77F02A751C2E7EA8005825A8 /* Frameworks */,
				77F02A761C2E7EA8005825A8 /* Resources */,
			);
			buildRules = (
			);
			dependencies = (
				77F02A7A1C2E7EA8005825A8 /* PBXTargetDependency */,
			);
			name = PuzzleDemoTests;
			productName = PuzzleDemoTests;
			productReference = 77F02A781C2E7EA8005825A8 /* PuzzleDemoTests.xctest */;
			productType = "com.apple.product-type.bundle.unit-test";
		};
		77F02A821C2E7EA8005825A8 /* PuzzleDemoUITests */ = {
			isa = PBXNativeTarget;
			buildConfigurationList = 77F02A921C2E7EA8005825A8 /* Build configuration list for PBXNativeTarget "PuzzleDemoUITests" */;
			buildPhases = (
				77F02A7F1C2E7EA8005825A8 /* Sources */,
				77F02A801C2E7EA8005825A8 /* Frameworks */,
				77F02A811C2E7EA8005825A8 /* Resources */,
			);
			buildRules = (
			);
			dependencies = (
				77F02A851C2E7EA8005825A8 /* PBXTargetDependency */,
			);
			name = PuzzleDemoUITests;
			productName = PuzzleDemoUITests;
			productReference = 77F02A831C2E7EA8005825A8 /* PuzzleDemoUITests.xctest */;
			productType = "com.apple.product-type.bundle.ui-testing";
		};
/* End PBXNativeTarget section */

/* Begin PBXProject section */
		77F02A571C2E7EA8005825A8 /* Project object */ = {
			isa = PBXProject;
			attributes = {
				LastUpgradeCheck = 0720;
				ORGANIZATIONNAME = Kangqj;
				TargetAttributes = {
					77F02A5E1C2E7EA8005825A8 = {
						CreatedOnToolsVersion = 7.2;
					};
					77F02A771C2E7EA8005825A8 = {
						CreatedOnToolsVersion = 7.2;
						TestTargetID = 77F02A5E1C2E7EA8005825A8;
					};
					77F02A821C2E7EA8005825A8 = {
						CreatedOnToolsVersion = 7.2;
						TestTargetID = 77F02A5E1C2E7EA8005825A8;
					};
				};
			};
			buildConfigurationList = 77F02A5A1C2E7EA8005825A8 /* Build configuration list for PBXProject "PuzzleDemo" */;
			compatibilityVersion = "Xcode 3.2";
			developmentRegion = English;
			hasScannedForEncodings = 0;
			knownRegions = (
				en,
				Base,
			);
			mainGroup = 77F02A561C2E7EA8005825A8;
			productRefGroup = 77F02A601C2E7EA8005825A8 /* Products */;
			projectDirPath = "";
			projectRoot = "";
			targets = (
				77F02A5E1C2E7EA8005825A8 /* PuzzleDemo */,
				77F02A771C2E7EA8005825A8 /* PuzzleDemoTests */,
				77F02A821C2E7EA8005825A8 /* PuzzleDemoUITests */,
			);
		};
/* End PBXProject section */

/* Begin PBXResourcesBuildPhase section */
		77F02A5D1C2E7EA8005825A8 /* Resources */ = {
			isa = PBXResourcesBuildPhase;
			buildActionMask = 2147483647;
			files = (
				77F02A721C2E7EA8005825A8 /* LaunchScreen.storyboard in Resources */,
				77F02A6F1C2E7EA8005825A8 /* Assets.xcassets in Resources */,
				77F02A6D1C2E7EA8005825A8 /* Main.storyboard in Resources */,
			);
			runOnlyForDeploymentPostprocessing = 0;
		};
		77F02A761C2E7EA8005825A8 /* Resources */ = {
			isa = PBXResourcesBuildPhase;
			buildActionMask = 2147483647;
			files = (
			);
			runOnlyForDeploymentPostprocessing = 0;
		};
		77F02A811C2E7EA8005825A8 /* Resources */ = {
			isa = PBXResourcesBuildPhase;
			buildActionMask = 2147483647;
			files = (
			);
			runOnlyForDeploymentPostprocessing = 0;
		};
/* End PBXResourcesBuildPhase section */

/* Begin PBXShellScriptBuildPhase section */
		097A891E9E5C07E7AAEB5CD9 /* Copy Pods Resources */ = {
			isa = PBXShellScriptBuildPhase;
			buildActionMask = 2147483647;
			files = (
			);
			inputPaths = (
			);
			name = "Copy Pods Resources";
			outputPaths = (
			);
			runOnlyForDeploymentPostprocessing = 0;
			shellPath = /bin/sh;
			shellScript = "\"${SRCROOT}/Pods/Target Support Files/Pods/Pods-resources.sh\"\n";
			showEnvVarsInLog = 0;
		};
		76B36B3F229020871B0AEA08 /* Check Pods Manifest.lock */ = {
			isa = PBXShellScriptBuildPhase;
			buildActionMask = 2147483647;
			files = (
			);
			inputPaths = (
			);
			name = "Check Pods Manifest.lock";
			outputPaths = (
			);
			runOnlyForDeploymentPostprocessing = 0;
			shellPath = /bin/sh;
			shellScript = "diff \"${PODS_ROOT}/../Podfile.lock\" \"${PODS_ROOT}/Manifest.lock\" > /dev/null\nif [[ $? != 0 ]] ; then\n    cat << EOM\nerror: The sandbox is not in sync with the Podfile.lock. Run 'pod install' or update your CocoaPods installation.\nEOM\n    exit 1\nfi\n";
			showEnvVarsInLog = 0;
		};
/* End PBXShellScriptBuildPhase section */

/* Begin PBXSourcesBuildPhase section */
		77F02A5B1C2E7EA8005825A8 /* Sources */ = {
			isa = PBXSourcesBuildPhase;
			buildActionMask = 2147483647;
			files = (
				77F02A6A1C2E7EA8005825A8 /* ViewController.m in Sources */,
				77F02A671C2E7EA8005825A8 /* AppDelegate.m in Sources */,
				77F02A641C2E7EA8005825A8 /* main.m in Sources */,
				7772AC9C1C44D4F800ABF7FD /* UIImage+Modifications.m in Sources */,
			);
			runOnlyForDeploymentPostprocessing = 0;
		};
		77F02A741C2E7EA8005825A8 /* Sources */ = {
			isa = PBXSourcesBuildPhase;
			buildActionMask = 2147483647;
			files = (
				77F02A7D1C2E7EA8005825A8 /* PuzzleDemoTests.m in Sources */,
			);
			runOnlyForDeploymentPostprocessing = 0;
		};
		77F02A7F1C2E7EA8005825A8 /* Sources */ = {
			isa = PBXSourcesBuildPhase;
			buildActionMask = 2147483647;
			files = (
				77F02A881C2E7EA8005825A8 /* PuzzleDemoUITests.m in Sources */,
			);
			runOnlyForDeploymentPostprocessing = 0;
		};
/* End PBXSourcesBuildPhase section */

/* Begin PBXTargetDependency section */
		77F02A7A1C2E7EA8005825A8 /* PBXTargetDependency */ = {
			isa = PBXTargetDependency;
			target = 77F02A5E1C2E7EA8005825A8 /* PuzzleDemo */;
			targetProxy = 77F02A791C2E7EA8005825A8 /* PBXContainerItemProxy */;
		};
		77F02A851C2E7EA8005825A8 /* PBXTargetDependency */ = {
			isa = PBXTargetDependency;
			target = 77F02A5E1C2E7EA8005825A8 /* PuzzleDemo */;
			targetProxy = 77F02A841C2E7EA8005825A8 /* PBXContainerItemProxy */;
		};
/* End PBXTargetDependency section */

/* Begin PBXVariantGroup section */
		77F02A6B1C2E7EA8005825A8 /* Main.storyboard */ = {
			isa = PBXVariantGroup;
			children = (
				77F02A6C1C2E7EA8005825A8 /* Base */,
			);
			name = Main.storyboard;
			sourceTree = "<group>";
		};
		77F02A701C2E7EA8005825A8 /* LaunchScreen.storyboard */ = {
			isa = PBXVariantGroup;
			children = (
				77F02A711C2E7EA8005825A8 /* Base */,
			);
			name = LaunchScreen.storyboard;
			sourceTree = "<group>";
		};
/* End PBXVariantGroup section */

/* Begin XCBuildConfiguration section */
		77F02A8A1C2E7EA8005825A8 /* Debug */ = {
			isa = XCBuildConfiguration;
			buildSettings = {
				ALWAYS_SEARCH_USER_PATHS = NO;
				CLANG_CXX_LANGUAGE_STANDARD = "gnu++0x";
				CLANG_CXX_LIBRARY = "libc++";
				CLANG_ENABLE_MODULES = YES;
				CLANG_ENABLE_OBJC_ARC = YES;
				CLANG_WARN_BOOL_CONVERSION = YES;
				CLANG_WARN_CONSTANT_CONVERSION = YES;
				CLANG_WARN_DIRECT_OBJC_ISA_USAGE = YES_ERROR;
				CLANG_WARN_EMPTY_BODY = YES;
				CLANG_WARN_ENUM_CONVERSION = YES;
				CLANG_WARN_INT_CONVERSION = YES;
				CLANG_WARN_OBJC_ROOT_CLASS = YES_ERROR;
				CLANG_WARN_UNREACHABLE_CODE = YES;
				CLANG_WARN__DUPLICATE_METHOD_MATCH = YES;
				"CODE_SIGN_IDENTITY[sdk=iphoneos*]" = "iPhone Developer";
				COPY_PHASE_STRIP = NO;
				DEBUG_INFORMATION_FORMAT = dwarf;
				ENABLE_STRICT_OBJC_MSGSEND = YES;
				ENABLE_TESTABILITY = YES;
				GCC_C_LANGUAGE_STANDARD = gnu99;
				GCC_DYNAMIC_NO_PIC = NO;
				GCC_NO_COMMON_BLOCKS = YES;
				GCC_OPTIMIZATION_LEVEL = 0;
				GCC_PREFIX_HEADER = "";
				GCC_PREPROCESSOR_DEFINITIONS = (
					"DEBUG=1",
					"$(inherited)",
				);
				GCC_WARN_64_TO_32_BIT_CONVERSION = YES;
				GCC_WARN_ABOUT_RETURN_TYPE = YES_ERROR;
				GCC_WARN_UNDECLARED_SELECTOR = YES;
				GCC_WARN_UNINITIALIZED_AUTOS = YES_AGGRESSIVE;
				GCC_WARN_UNUSED_FUNCTION = YES;
				GCC_WARN_UNUSED_VARIABLE = YES;
				IPHONEOS_DEPLOYMENT_TARGET = 9.2;
				MTL_ENABLE_DEBUG_INFO = YES;
				ONLY_ACTIVE_ARCH = YES;
				SDKROOT = iphoneos;
			};
			name = Debug;
		};
		77F02A8B1C2E7EA8005825A8 /* Release */ = {
			isa = XCBuildConfiguration;
			buildSettings = {
				ALWAYS_SEARCH_USER_PATHS = NO;
				CLANG_CXX_LANGUAGE_STANDARD = "gnu++0x";
				CLANG_CXX_LIBRARY = "libc++";
				CLANG_ENABLE_MODULES = YES;
				CLANG_ENABLE_OBJC_ARC = YES;
				CLANG_WARN_BOOL_CONVERSION = YES;
				CLANG_WARN_CONSTANT_CONVERSION = YES;
				CLANG_WARN_DIRECT_OBJC_ISA_USAGE = YES_ERROR;
				CLANG_WARN_EMPTY_BODY = YES;
				CLANG_WARN_ENUM_CONVERSION = YES;
				CLANG_WARN_INT_CONVERSION = YES;
				CLANG_WARN_OBJC_ROOT_CLASS = YES_ERROR;
				CLANG_WARN_UNREACHABLE_CODE = YES;
				CLANG_WARN__DUPLICATE_METHOD_MATCH = YES;
				"CODE_SIGN_IDENTITY[sdk=iphoneos*]" = "iPhone Developer";
				COPY_PHASE_STRIP = NO;
				DEBUG_INFORMATION_FORMAT = "dwarf-with-dsym";
				ENABLE_NS_ASSERTIONS = NO;
				ENABLE_STRICT_OBJC_MSGSEND = YES;
				GCC_C_LANGUAGE_STANDARD = gnu99;
				GCC_NO_COMMON_BLOCKS = YES;
				GCC_PREFIX_HEADER = "";
				GCC_WARN_64_TO_32_BIT_CONVERSION = YES;
				GCC_WARN_ABOUT_RETURN_TYPE = YES_ERROR;
				GCC_WARN_UNDECLARED_SELECTOR = YES;
				GCC_WARN_UNINITIALIZED_AUTOS = YES_AGGRESSIVE;
				GCC_WARN_UNUSED_FUNCTION = YES;
				GCC_WARN_UNUSED_VARIABLE = YES;
				IPHONEOS_DEPLOYMENT_TARGET = 9.2;
				MTL_ENABLE_DEBUG_INFO = NO;
				SDKROOT = iphoneos;
				VALIDATE_PRODUCT = YES;
			};
			name = Release;
		};
		77F02A8D1C2E7EA8005825A8 /* Debug */ = {
			isa = XCBuildConfiguration;
			baseConfigurationReference = F7081A045CEB4A3726F4E190 /* Pods.debug.xcconfig */;
			buildSettings = {
				ASSETCATALOG_COMPILER_APPICON_NAME = AppIcon;
				CODE_SIGN_IDENTITY = "iPhone Developer";
				GCC_PRECOMPILE_PREFIX_HEADER = YES;
				GCC_PREFIX_HEADER = PuzzleDemo/PrefixHeader.pch;
				INFOPLIST_FILE = PuzzleDemo/Info.plist;
				IPHONEOS_DEPLOYMENT_TARGET = 8.0;
				LD_RUNPATH_SEARCH_PATHS = "$(inherited) @executable_path/Frameworks";
				PRODUCT_BUNDLE_IDENTIFIER = sss.PuzzleDemo;
				PRODUCT_NAME = "$(TARGET_NAME)";
			};
			name = Debug;
		};
		77F02A8E1C2E7EA8005825A8 /* Release */ = {
			isa = XCBuildConfiguration;
			baseConfigurationReference = EC5E20402DC21E79D29DED63 /* Pods.release.xcconfig */;
			buildSettings = {
				ASSETCATALOG_COMPILER_APPICON_NAME = AppIcon;
				CODE_SIGN_IDENTITY = "iPhone Developer";
				GCC_PRECOMPILE_PREFIX_HEADER = YES;
				GCC_PREFIX_HEADER = PuzzleDemo/PrefixHeader.pch;
				INFOPLIST_FILE = PuzzleDemo/Info.plist;
				IPHONEOS_DEPLOYMENT_TARGET = 8.0;
				LD_RUNPATH_SEARCH_PATHS = "$(inherited) @executable_path/Frameworks";
				PRODUCT_BUNDLE_IDENTIFIER = sss.PuzzleDemo;
				PRODUCT_NAME = "$(TARGET_NAME)";
			};
			name = Release;
		};
		77F02A901C2E7EA8005825A8 /* Debug */ = {
			isa = XCBuildConfiguration;
			buildSettings = {
				BUNDLE_LOADER = "$(TEST_HOST)";
				INFOPLIST_FILE = PuzzleDemoTests/Info.plist;
				LD_RUNPATH_SEARCH_PATHS = "$(inherited) @executable_path/Frameworks @loader_path/Frameworks";
				PRODUCT_BUNDLE_IDENTIFIER = sss.PuzzleDemoTests;
				PRODUCT_NAME = "$(TARGET_NAME)";
				TEST_HOST = "$(BUILT_PRODUCTS_DIR)/PuzzleDemo.app/PuzzleDemo";
			};
			name = Debug;
		};
		77F02A911C2E7EA8005825A8 /* Release */ = {
			isa = XCBuildConfiguration;
			buildSettings = {
				BUNDLE_LOADER = "$(TEST_HOST)";
				INFOPLIST_FILE = PuzzleDemoTests/Info.plist;
				LD_RUNPATH_SEARCH_PATHS = "$(inherited) @executable_path/Frameworks @loader_path/Frameworks";
				PRODUCT_BUNDLE_IDENTIFIER = sss.PuzzleDemoTests;
				PRODUCT_NAME = "$(TARGET_NAME)";
				TEST_HOST = "$(BUILT_PRODUCTS_DIR)/PuzzleDemo.app/PuzzleDemo";
			};
			name = Release;
		};
		77F02A931C2E7EA8005825A8 /* Debug */ = {
			isa = XCBuildConfiguration;
			buildSettings = {
				INFOPLIST_FILE = PuzzleDemoUITests/Info.plist;
				LD_RUNPATH_SEARCH_PATHS = "$(inherited) @executable_path/Frameworks @loader_path/Frameworks";
				PRODUCT_BUNDLE_IDENTIFIER = sss.PuzzleDemoUITests;
				PRODUCT_NAME = "$(TARGET_NAME)";
				TEST_TARGET_NAME = PuzzleDemo;
				USES_XCTRUNNER = YES;
			};
			name = Debug;
		};
		77F02A941C2E7EA8005825A8 /* Release */ = {
			isa = XCBuildConfiguration;
			buildSettings = {
				INFOPLIST_FILE = PuzzleDemoUITests/Info.plist;
				LD_RUNPATH_SEARCH_PATHS = "$(inherited) @executable_path/Frameworks @loader_path/Frameworks";
				PRODUCT_BUNDLE_IDENTIFIER = sss.PuzzleDemoUITests;
				PRODUCT_NAME = "$(TARGET_NAME)";
				TEST_TARGET_NAME = PuzzleDemo;
				USES_XCTRUNNER = YES;
			};
			name = Release;
		};
/* End XCBuildConfiguration section */

/* Begin XCConfigurationList section */
		77F02A5A1C2E7EA8005825A8 /* Build configuration list for PBXProject "PuzzleDemo" */ = {
			isa = XCConfigurationList;
			buildConfigurations = (
				77F02A8A1C2E7EA8005825A8 /* Debug */,
				77F02A8B1C2E7EA8005825A8 /* Release */,
			);
			defaultConfigurationIsVisible = 0;
			defaultConfigurationName = Release;
		};
		77F02A8C1C2E7EA8005825A8 /* Build configuration list for PBXNativeTarget "PuzzleDemo" */ = {
			isa = XCConfigurationList;
			buildConfigurations = (
				77F02A8D1C2E7EA8005825A8 /* Debug */,
				77F02A8E1C2E7EA8005825A8 /* Release */,
			);
			defaultConfigurationIsVisible = 0;
			defaultConfigurationName = Release;
		};
		77F02A8F1C2E7EA8005825A8 /* Build configuration list for PBXNativeTarget "PuzzleDemoTests" */ = {
			isa = XCConfigurationList;
			buildConfigurations = (
				77F02A901C2E7EA8005825A8 /* Debug */,
				77F02A911C2E7EA8005825A8 /* Release */,
			);
			defaultConfigurationIsVisible = 0;
			defaultConfigurationName = Release;
		};
		77F02A921C2E7EA8005825A8 /* Build configuration list for PBXNativeTarget "PuzzleDemoUITests" */ = {
			isa = XCConfigurationList;
			buildConfigurations = (
				77F02A931C2E7EA8005825A8 /* Debug */,
				77F02A941C2E7EA8005825A8 /* Release */,
			);
			defaultConfigurationIsVisible = 0;
			defaultConfigurationName = Release;
		};
/* End XCConfigurationList section */
	};
	rootObject = 77F02A571C2E7EA8005825A8 /* Project object */;
}
