// !$*UTF8*$!
{
	archiveVersion = 1;
	classes = {
	};
	objectVersion = 46;
	objects = {

/* Begin PBXBuildFile section */
		AA41CA9A3DE692ACB8D41D57 /* libPods-GPUImageTest.a in Frameworks */ = {isa = PBXBuildFile; fileRef = 82FBF7E180C9A6CA41A49FD3 /* libPods-GPUImageTest.a */; };
		C33B52451DC8810F00DDE0A8 /* main.m in Sources */ = {isa = PBXBuildFile; fileRef = C33B52441DC8810F00DDE0A8 /* main.m */; };
		C33B52481DC8810F00DDE0A8 /* AppDelegate.m in Sources */ = {isa = PBXBuildFile; fileRef = C33B52471DC8810F00DDE0A8 /* AppDelegate.m */; };
		C33B524B1DC8810F00DDE0A8 /* ViewController.m in Sources */ = {isa = PBXBuildFile; fileRef = C33B524A1DC8810F00DDE0A8 /* ViewController.m */; };
		C33B524E1DC8810F00DDE0A8 /* Main.storyboard in Resources */ = {isa = PBXBuildFile; fileRef = C33B524C1DC8810F00DDE0A8 /* Main.storyboard */; };
		C33B52501DC8810F00DDE0A8 /* Assets.xcassets in Resources */ = {isa = PBXBuildFile; fileRef = C33B524F1DC8810F00DDE0A8 /* Assets.xcassets */; };
		C33B52531DC8810F00DDE0A8 /* LaunchScreen.storyboard in Resources */ = {isa = PBXBuildFile; fileRef = C33B52511DC8810F00DDE0A8 /* LaunchScreen.storyboard */; };
		C33B525E1DC8810F00DDE0A8 /* GPUImageTestTests.m in Sources */ = {isa = PBXBuildFile; fileRef = C33B525D1DC8810F00DDE0A8 /* GPUImageTestTests.m */; };
		C33B52691DC8810F00DDE0A8 /* GPUImageTestUITests.m in Sources */ = {isa = PBXBuildFile; fileRef = C33B52681DC8810F00DDE0A8 /* GPUImageTestUITests.m */; };
		C33B52771DC8996800DDE0A8 /* test_1.png in Resources */ = {isa = PBXBuildFile; fileRef = C33B52761DC8996800DDE0A8 /* test_1.png */; };
/* End PBXBuildFile section */

/* Begin PBXContainerItemProxy section */
		C33B525A1DC8810F00DDE0A8 /* PBXContainerItemProxy */ = {
			isa = PBXContainerItemProxy;
			containerPortal = C33B52381DC8810F00DDE0A8 /* Project object */;
			proxyType = 1;
			remoteGlobalIDString = C33B523F1DC8810F00DDE0A8;
			remoteInfo = GPUImageTest;
		};
		C33B52651DC8810F00DDE0A8 /* PBXContainerItemProxy */ = {
			isa = PBXContainerItemProxy;
			containerPortal = C33B52381DC8810F00DDE0A8 /* Project object */;
			proxyType = 1;
			remoteGlobalIDString = C33B523F1DC8810F00DDE0A8;
			remoteInfo = GPUImageTest;
		};
/* End PBXContainerItemProxy section */

/* Begin PBXFileReference section */
		669FAC0EDFD91F7EE11A4F5D /* Pods-GPUImageTest.release.xcconfig */ = {isa = PBXFileReference; includeInIndex = 1; lastKnownFileType = text.xcconfig; name = "Pods-GPUImageTest.release.xcconfig"; path = "Pods/Target Support Files/Pods-GPUImageTest/Pods-GPUImageTest.release.xcconfig"; sourceTree = "<group>"; };
		82FBF7E180C9A6CA41A49FD3 /* libPods-GPUImageTest.a */ = {isa = PBXFileReference; explicitFileType = archive.ar; includeInIndex = 0; path = "libPods-GPUImageTest.a"; sourceTree = BUILT_PRODUCTS_DIR; };
		B2F8EC5ABA6C4EDA48D3ED01 /* Pods-GPUImageTest.debug.xcconfig */ = {isa = PBXFileReference; includeInIndex = 1; lastKnownFileType = text.xcconfig; name = "Pods-GPUImageTest.debug.xcconfig"; path = "Pods/Target Support Files/Pods-GPUImageTest/Pods-GPUImageTest.debug.xcconfig"; sourceTree = "<group>"; };
		C33B52401DC8810F00DDE0A8 /* GPUImageTest.app */ = {isa = PBXFileReference; explicitFileType = wrapper.application; includeInIndex = 0; path = GPUImageTest.app; sourceTree = BUILT_PRODUCTS_DIR; };
		C33B52441DC8810F00DDE0A8 /* main.m */ = {isa = PBXFileReference; lastKnownFileType = sourcecode.c.objc; path = main.m; sourceTree = "<group>"; };
		C33B52461DC8810F00DDE0A8 /* AppDelegate.h */ = {isa = PBXFileReference; lastKnownFileType = sourcecode.c.h; path = AppDelegate.h; sourceTree = "<group>"; };
		C33B52471DC8810F00DDE0A8 /* AppDelegate.m */ = {isa = PBXFileReference; lastKnownFileType = sourcecode.c.objc; path = AppDelegate.m; sourceTree = "<group>"; };
		C33B52491DC8810F00DDE0A8 /* ViewController.h */ = {isa = PBXFileReference; lastKnownFileType = sourcecode.c.h; path = ViewController.h; sourceTree = "<group>"; };
		C33B524A1DC8810F00DDE0A8 /* ViewController.m */ = {isa = PBXFileReference; lastKnownFileType = sourcecode.c.objc; path = ViewController.m; sourceTree = "<group>"; };
		C33B524D1DC8810F00DDE0A8 /* Base */ = {isa = PBXFileReference; lastKnownFileType = file.storyboard; name = Base; path = Base.lproj/Main.storyboard; sourceTree = "<group>"; };
		C33B524F1DC8810F00DDE0A8 /* Assets.xcassets */ = {isa = PBXFileReference; lastKnownFileType = folder.assetcatalog; path = Assets.xcassets; sourceTree = "<group>"; };
		C33B52521DC8810F00DDE0A8 /* Base */ = {isa = PBXFileReference; lastKnownFileType = file.storyboard; name = Base; path = Base.lproj/LaunchScreen.storyboard; sourceTree = "<group>"; };
		C33B52541DC8810F00DDE0A8 /* Info.plist */ = {isa = PBXFileReference; lastKnownFileType = text.plist.xml; path = Info.plist; sourceTree = "<group>"; };
		C33B52591DC8810F00DDE0A8 /* GPUImageTestTests.xctest */ = {isa = PBXFileReference; explicitFileType = wrapper.cfbundle; includeInIndex = 0; path = GPUImageTestTests.xctest; sourceTree = BUILT_PRODUCTS_DIR; };
		C33B525D1DC8810F00DDE0A8 /* GPUImageTestTests.m */ = {isa = PBXFileReference; lastKnownFileType = sourcecode.c.objc; path = GPUImageTestTests.m; sourceTree = "<group>"; };
		C33B525F1DC8810F00DDE0A8 /* Info.plist */ = {isa = PBXFileReference; lastKnownFileType = text.plist.xml; path = Info.plist; sourceTree = "<group>"; };
		C33B52641DC8810F00DDE0A8 /* GPUImageTestUITests.xctest */ = {isa = PBXFileReference; explicitFileType = wrapper.cfbundle; includeInIndex = 0; path = GPUImageTestUITests.xctest; sourceTree = BUILT_PRODUCTS_DIR; };
		C33B52681DC8810F00DDE0A8 /* GPUImageTestUITests.m */ = {isa = PBXFileReference; lastKnownFileType = sourcecode.c.objc; path = GPUImageTestUITests.m; sourceTree = "<group>"; };
		C33B526A1DC8810F00DDE0A8 /* Info.plist */ = {isa = PBXFileReference; lastKnownFileType = text.plist.xml; path = Info.plist; sourceTree = "<group>"; };
		C33B52761DC8996800DDE0A8 /* test_1.png */ = {isa = PBXFileReference; lastKnownFileType = image.png; path = test_1.png; sourceTree = "<group>"; };
/* End PBXFileReference section */

/* Begin PBXFrameworksBuildPhase section */
		C33B523D1DC8810F00DDE0A8 /* Frameworks */ = {
			isa = PBXFrameworksBuildPhase;
			buildActionMask = 2147483647;
			files = (
				AA41CA9A3DE692ACB8D41D57 /* libPods-GPUImageTest.a in Frameworks */,
			);
			runOnlyForDeploymentPostprocessing = 0;
		};
		C33B52561DC8810F00DDE0A8 /* Frameworks */ = {
			isa = PBXFrameworksBuildPhase;
			buildActionMask = 2147483647;
			files = (
			);
			runOnlyForDeploymentPostprocessing = 0;
		};
		C33B52611DC8810F00DDE0A8 /* Frameworks */ = {
			isa = PBXFrameworksBuildPhase;
			buildActionMask = 2147483647;
			files = (
			);
			runOnlyForDeploymentPostprocessing = 0;
		};
/* End PBXFrameworksBuildPhase section */

/* Begin PBXGroup section */
		3050BE621A1FD42C9EC722C4 /* Pods */ = {
			isa = PBXGroup;
			children = (
				B2F8EC5ABA6C4EDA48D3ED01 /* Pods-GPUImageTest.debug.xcconfig */,
				669FAC0EDFD91F7EE11A4F5D /* Pods-GPUImageTest.release.xcconfig */,
			);
			name = Pods;
			sourceTree = "<group>";
		};
		6F593FA18C56887CA0FB7760 /* Frameworks */ = {
			isa = PBXGroup;
			children = (
				82FBF7E180C9A6CA41A49FD3 /* libPods-GPUImageTest.a */,
			);
			name = Frameworks;
			sourceTree = "<group>";
		};
		C33B52371DC8810F00DDE0A8 = {
			isa = PBXGroup;
			children = (
				C33B52421DC8810F00DDE0A8 /* GPUImageTest */,
				C33B525C1DC8810F00DDE0A8 /* GPUImageTestTests */,
				C33B52671DC8810F00DDE0A8 /* GPUImageTestUITests */,
				C33B52411DC8810F00DDE0A8 /* Products */,
				3050BE621A1FD42C9EC722C4 /* Pods */,
				6F593FA18C56887CA0FB7760 /* Frameworks */,
			);
			sourceTree = "<group>";
		};
		C33B52411DC8810F00DDE0A8 /* Products */ = {
			isa = PBXGroup;
			children = (
				C33B52401DC8810F00DDE0A8 /* GPUImageTest.app */,
				C33B52591DC8810F00DDE0A8 /* GPUImageTestTests.xctest */,
				C33B52641DC8810F00DDE0A8 /* GPUImageTestUITests.xctest */,
			);
			name = Products;
			sourceTree = "<group>";
		};
		C33B52421DC8810F00DDE0A8 /* GPUImageTest */ = {
			isa = PBXGroup;
			children = (
				C33B52461DC8810F00DDE0A8 /* AppDelegate.h */,
				C33B52471DC8810F00DDE0A8 /* AppDelegate.m */,
				C33B52491DC8810F00DDE0A8 /* ViewController.h */,
				C33B524A1DC8810F00DDE0A8 /* ViewController.m */,
				C33B52761DC8996800DDE0A8 /* test_1.png */,
				C33B524C1DC8810F00DDE0A8 /* Main.storyboard */,
				C33B524F1DC8810F00DDE0A8 /* Assets.xcassets */,
				C33B52511DC8810F00DDE0A8 /* LaunchScreen.storyboard */,
				C33B52541DC8810F00DDE0A8 /* Info.plist */,
				C33B52431DC8810F00DDE0A8 /* Supporting Files */,
			);
			path = GPUImageTest;
			sourceTree = "<group>";
		};
		C33B52431DC8810F00DDE0A8 /* Supporting Files */ = {
			isa = PBXGroup;
			children = (
				C33B52441DC8810F00DDE0A8 /* main.m */,
			);
			name = "Supporting Files";
			sourceTree = "<group>";
		};
		C33B525C1DC8810F00DDE0A8 /* GPUImageTestTests */ = {
			isa = PBXGroup;
			children = (
				C33B525D1DC8810F00DDE0A8 /* GPUImageTestTests.m */,
				C33B525F1DC8810F00DDE0A8 /* Info.plist */,
			);
			path = GPUImageTestTests;
			sourceTree = "<group>";
		};
		C33B52671DC8810F00DDE0A8 /* GPUImageTestUITests */ = {
			isa = PBXGroup;
			children = (
				C33B52681DC8810F00DDE0A8 /* GPUImageTestUITests.m */,
				C33B526A1DC8810F00DDE0A8 /* Info.plist */,
			);
			path = GPUImageTestUITests;
			sourceTree = "<group>";
		};
/* End PBXGroup section */

/* Begin PBXNativeTarget section */
		C33B523F1DC8810F00DDE0A8 /* GPUImageTest */ = {
			isa = PBXNativeTarget;
			buildConfigurationList = C33B526D1DC8810F00DDE0A8 /* Build configuration list for PBXNativeTarget "GPUImageTest" */;
			buildPhases = (
				8A9EC4930522CDCBDE04BE79 /* [CP] Check Pods Manifest.lock */,
				C33B523C1DC8810F00DDE0A8 /* Sources */,
				C33B523D1DC8810F00DDE0A8 /* Frameworks */,
				C33B523E1DC8810F00DDE0A8 /* Resources */,
				E1E6427FD76CE294F3CF1310 /* [CP] Embed Pods Frameworks */,
				35558D4AF33FE72D864E9562 /* [CP] Copy Pods Resources */,
			);
			buildRules = (
			);
			dependencies = (
			);
			name = GPUImageTest;
			productName = GPUImageTest;
			productReference = C33B52401DC8810F00DDE0A8 /* GPUImageTest.app */;
			productType = "com.apple.product-type.application";
		};
		C33B52581DC8810F00DDE0A8 /* GPUImageTestTests */ = {
			isa = PBXNativeTarget;
			buildConfigurationList = C33B52701DC8810F00DDE0A8 /* Build configuration list for PBXNativeTarget "GPUImageTestTests" */;
			buildPhases = (
				C33B52551DC8810F00DDE0A8 /* Sources */,
				C33B52561DC8810F00DDE0A8 /* Frameworks */,
				C33B52571DC8810F00DDE0A8 /* Resources */,
			);
			buildRules = (
			);
			dependencies = (
				C33B525B1DC8810F00DDE0A8 /* PBXTargetDependency */,
			);
			name = GPUImageTestTests;
			productName = GPUImageTestTests;
			productReference = C33B52591DC8810F00DDE0A8 /* GPUImageTestTests.xctest */;
			productType = "com.apple.product-type.bundle.unit-test";
		};
		C33B52631DC8810F00DDE0A8 /* GPUImageTestUITests */ = {
			isa = PBXNativeTarget;
			buildConfigurationList = C33B52731DC8810F00DDE0A8 /* Build configuration list for PBXNativeTarget "GPUImageTestUITests" */;
			buildPhases = (
				C33B52601DC8810F00DDE0A8 /* Sources */,
				C33B52611DC8810F00DDE0A8 /* Frameworks */,
				C33B52621DC8810F00DDE0A8 /* Resources */,
			);
			buildRules = (
			);
			dependencies = (
				C33B52661DC8810F00DDE0A8 /* PBXTargetDependency */,
			);
			name = GPUImageTestUITests;
			productName = GPUImageTestUITests;
			productReference = C33B52641DC8810F00DDE0A8 /* GPUImageTestUITests.xctest */;
			productType = "com.apple.product-type.bundle.ui-testing";
		};
/* End PBXNativeTarget section */

/* Begin PBXProject section */
		C33B52381DC8810F00DDE0A8 /* Project object */ = {
			isa = PBXProject;
			attributes = {
				LastUpgradeCheck = 0720;
				ORGANIZATIONNAME = Kangqijun;
				TargetAttributes = {
					C33B523F1DC8810F00DDE0A8 = {
						CreatedOnToolsVersion = 7.2;
						DevelopmentTeam = 9U8J7M5J7U;
					};
					C33B52581DC8810F00DDE0A8 = {
						CreatedOnToolsVersion = 7.2;
						TestTargetID = C33B523F1DC8810F00DDE0A8;
					};
					C33B52631DC8810F00DDE0A8 = {
						CreatedOnToolsVersion = 7.2;
						TestTargetID = C33B523F1DC8810F00DDE0A8;
					};
				};
			};
			buildConfigurationList = C33B523B1DC8810F00DDE0A8 /* Build configuration list for PBXProject "GPUImageTest" */;
			compatibilityVersion = "Xcode 3.2";
			developmentRegion = English;
			hasScannedForEncodings = 0;
			knownRegions = (
				en,
				Base,
			);
			mainGroup = C33B52371DC8810F00DDE0A8;
			productRefGroup = C33B52411DC8810F00DDE0A8 /* Products */;
			projectDirPath = "";
			projectRoot = "";
			targets = (
				C33B523F1DC8810F00DDE0A8 /* GPUImageTest */,
				C33B52581DC8810F00DDE0A8 /* GPUImageTestTests */,
				C33B52631DC8810F00DDE0A8 /* GPUImageTestUITests */,
			);
		};
/* End PBXProject section */

/* Begin PBXResourcesBuildPhase section */
		C33B523E1DC8810F00DDE0A8 /* Resources */ = {
			isa = PBXResourcesBuildPhase;
			buildActionMask = 2147483647;
			files = (
				C33B52531DC8810F00DDE0A8 /* LaunchScreen.storyboard in Resources */,
				C33B52771DC8996800DDE0A8 /* test_1.png in Resources */,
				C33B52501DC8810F00DDE0A8 /* Assets.xcassets in Resources */,
				C33B524E1DC8810F00DDE0A8 /* Main.storyboard in Resources */,
			);
			runOnlyForDeploymentPostprocessing = 0;
		};
		C33B52571DC8810F00DDE0A8 /* Resources */ = {
			isa = PBXResourcesBuildPhase;
			buildActionMask = 2147483647;
			files = (
			);
			runOnlyForDeploymentPostprocessing = 0;
		};
		C33B52621DC8810F00DDE0A8 /* Resources */ = {
			isa = PBXResourcesBuildPhase;
			buildActionMask = 2147483647;
			files = (
			);
			runOnlyForDeploymentPostprocessing = 0;
		};
/* End PBXResourcesBuildPhase section */

/* Begin PBXShellScriptBuildPhase section */
		35558D4AF33FE72D864E9562 /* [CP] Copy Pods Resources */ = {
			isa = PBXShellScriptBuildPhase;
			buildActionMask = 2147483647;
			files = (
			);
			inputPaths = (
			);
			name = "[CP] Copy Pods Resources";
			outputPaths = (
			);
			runOnlyForDeploymentPostprocessing = 0;
			shellPath = /bin/sh;
			shellScript = "\"${SRCROOT}/Pods/Target Support Files/Pods-GPUImageTest/Pods-GPUImageTest-resources.sh\"\n";
			showEnvVarsInLog = 0;
		};
		8A9EC4930522CDCBDE04BE79 /* [CP] Check Pods Manifest.lock */ = {
			isa = PBXShellScriptBuildPhase;
			buildActionMask = 2147483647;
			files = (
			);
			inputPaths = (
			);
			name = "[CP] Check Pods Manifest.lock";
			outputPaths = (
			);
			runOnlyForDeploymentPostprocessing = 0;
			shellPath = /bin/sh;
			shellScript = "diff \"${PODS_ROOT}/../Podfile.lock\" \"${PODS_ROOT}/Manifest.lock\" > /dev/null\nif [[ $? != 0 ]] ; then\n    cat << EOM\nerror: The sandbox is not in sync with the Podfile.lock. Run 'pod install' or update your CocoaPods installation.\nEOM\n    exit 1\nfi\n";
			showEnvVarsInLog = 0;
		};
		E1E6427FD76CE294F3CF1310 /* [CP] Embed Pods Frameworks */ = {
			isa = PBXShellScriptBuildPhase;
			buildActionMask = 2147483647;
			files = (
			);
			inputPaths = (
			);
			name = "[CP] Embed Pods Frameworks";
			outputPaths = (
			);
			runOnlyForDeploymentPostprocessing = 0;
			shellPath = /bin/sh;
			shellScript = "\"${SRCROOT}/Pods/Target Support Files/Pods-GPUImageTest/Pods-GPUImageTest-frameworks.sh\"\n";
			showEnvVarsInLog = 0;
		};
/* End PBXShellScriptBuildPhase section */

/* Begin PBXSourcesBuildPhase section */
		C33B523C1DC8810F00DDE0A8 /* Sources */ = {
			isa = PBXSourcesBuildPhase;
			buildActionMask = 2147483647;
			files = (
				C33B524B1DC8810F00DDE0A8 /* ViewController.m in Sources */,
				C33B52481DC8810F00DDE0A8 /* AppDelegate.m in Sources */,
				C33B52451DC8810F00DDE0A8 /* main.m in Sources */,
			);
			runOnlyForDeploymentPostprocessing = 0;
		};
		C33B52551DC8810F00DDE0A8 /* Sources */ = {
			isa = PBXSourcesBuildPhase;
			buildActionMask = 2147483647;
			files = (
				C33B525E1DC8810F00DDE0A8 /* GPUImageTestTests.m in Sources */,
			);
			runOnlyForDeploymentPostprocessing = 0;
		};
		C33B52601DC8810F00DDE0A8 /* Sources */ = {
			isa = PBXSourcesBuildPhase;
			buildActionMask = 2147483647;
			files = (
				C33B52691DC8810F00DDE0A8 /* GPUImageTestUITests.m in Sources */,
			);
			runOnlyForDeploymentPostprocessing = 0;
		};
/* End PBXSourcesBuildPhase section */

/* Begin PBXTargetDependency section */
		C33B525B1DC8810F00DDE0A8 /* PBXTargetDependency */ = {
			isa = PBXTargetDependency;
			target = C33B523F1DC8810F00DDE0A8 /* GPUImageTest */;
			targetProxy = C33B525A1DC8810F00DDE0A8 /* PBXContainerItemProxy */;
		};
		C33B52661DC8810F00DDE0A8 /* PBXTargetDependency */ = {
			isa = PBXTargetDependency;
			target = C33B523F1DC8810F00DDE0A8 /* GPUImageTest */;
			targetProxy = C33B52651DC8810F00DDE0A8 /* PBXContainerItemProxy */;
		};
/* End PBXTargetDependency section */

/* Begin PBXVariantGroup section */
		C33B524C1DC8810F00DDE0A8 /* Main.storyboard */ = {
			isa = PBXVariantGroup;
			children = (
				C33B524D1DC8810F00DDE0A8 /* Base */,
			);
			name = Main.storyboard;
			sourceTree = "<group>";
		};
		C33B52511DC8810F00DDE0A8 /* LaunchScreen.storyboard */ = {
			isa = PBXVariantGroup;
			children = (
				C33B52521DC8810F00DDE0A8 /* Base */,
			);
			name = LaunchScreen.storyboard;
			sourceTree = "<group>";
		};
/* End PBXVariantGroup section */

/* Begin XCBuildConfiguration section */
		C33B526B1DC8810F00DDE0A8 /* Debug */ = {
			isa = XCBuildConfiguration;
			buildSettings = {
				ALWAYS_SEARCH_USER_PATHS = NO;
				CLANG_CXX_LANGUAGE_STANDARD = "gnu++0x";
				CLANG_CXX_LIBRARY = "libc++";
				CLANG_ENABLE_MODULES = YES;
				CLANG_ENABLE_OBJC_ARC = YES;
				CLANG_WARN_BOOL_CONVERSION = YES;
				CLANG_WARN_CONSTANT_CONVERSION = YES;
				CLANG_WARN_DIRECT_OBJC_ISA_USAGE = YES_ERROR;
				CLANG_WARN_EMPTY_BODY = YES;
				CLANG_WARN_ENUM_CONVERSION = YES;
				CLANG_WARN_INT_CONVERSION = YES;
				CLANG_WARN_OBJC_ROOT_CLASS = YES_ERROR;
				CLANG_WARN_UNREACHABLE_CODE = YES;
				CLANG_WARN__DUPLICATE_METHOD_MATCH = YES;
				"CODE_SIGN_IDENTITY[sdk=iphoneos*]" = "iPhone Developer";
				COPY_PHASE_STRIP = NO;
				DEBUG_INFORMATION_FORMAT = dwarf;
				ENABLE_STRICT_OBJC_MSGSEND = YES;
				ENABLE_TESTABILITY = YES;
				GCC_C_LANGUAGE_STANDARD = gnu99;
				GCC_DYNAMIC_NO_PIC = NO;
				GCC_NO_COMMON_BLOCKS = YES;
				GCC_OPTIMIZATION_LEVEL = 0;
				GCC_PREPROCESSOR_DEFINITIONS = (
					"DEBUG=1",
					"$(inherited)",
				);
				GCC_WARN_64_TO_32_BIT_CONVERSION = YES;
				GCC_WARN_ABOUT_RETURN_TYPE = YES_ERROR;
				GCC_WARN_UNDECLARED_SELECTOR = YES;
				GCC_WARN_UNINITIALIZED_AUTOS = YES_AGGRESSIVE;
				GCC_WARN_UNUSED_FUNCTION = YES;
				GCC_WARN_UNUSED_VARIABLE = YES;
				IPHONEOS_DEPLOYMENT_TARGET = 9.2;
				MTL_ENABLE_DEBUG_INFO = YES;
				ONLY_ACTIVE_ARCH = YES;
				SDKROOT = iphoneos;
				TARGETED_DEVICE_FAMILY = "1,2";
			};
			name = Debug;
		};
		C33B526C1DC8810F00DDE0A8 /* Release */ = {
			isa = XCBuildConfiguration;
			buildSettings = {
				ALWAYS_SEARCH_USER_PATHS = NO;
				CLANG_CXX_LANGUAGE_STANDARD = "gnu++0x";
				CLANG_CXX_LIBRARY = "libc++";
				CLANG_ENABLE_MODULES = YES;
				CLANG_ENABLE_OBJC_ARC = YES;
				CLANG_WARN_BOOL_CONVERSION = YES;
				CLANG_WARN_CONSTANT_CONVERSION = YES;
				CLANG_WARN_DIRECT_OBJC_ISA_USAGE = YES_ERROR;
				CLANG_WARN_EMPTY_BODY = YES;
				CLANG_WARN_ENUM_CONVERSION = YES;
				CLANG_WARN_INT_CONVERSION = YES;
				CLANG_WARN_OBJC_ROOT_CLASS = YES_ERROR;
				CLANG_WARN_UNREACHABLE_CODE = YES;
				CLANG_WARN__DUPLICATE_METHOD_MATCH = YES;
				"CODE_SIGN_IDENTITY[sdk=iphoneos*]" = "iPhone Developer";
				COPY_PHASE_STRIP = NO;
				DEBUG_INFORMATION_FORMAT = "dwarf-with-dsym";
				ENABLE_NS_ASSERTIONS = NO;
				ENABLE_STRICT_OBJC_MSGSEND = YES;
				GCC_C_LANGUAGE_STANDARD = gnu99;
				GCC_NO_COMMON_BLOCKS = YES;
				GCC_WARN_64_TO_32_BIT_CONVERSION = YES;
				GCC_WARN_ABOUT_RETURN_TYPE = YES_ERROR;
				GCC_WARN_UNDECLARED_SELECTOR = YES;
				GCC_WARN_UNINITIALIZED_AUTOS = YES_AGGRESSIVE;
				GCC_WARN_UNUSED_FUNCTION = YES;
				GCC_WARN_UNUSED_VARIABLE = YES;
				IPHONEOS_DEPLOYMENT_TARGET = 9.2;
				MTL_ENABLE_DEBUG_INFO = NO;
				SDKROOT = iphoneos;
				TARGETED_DEVICE_FAMILY = "1,2";
				VALIDATE_PRODUCT = YES;
			};
			name = Release;
		};
		C33B526E1DC8810F00DDE0A8 /* Debug */ = {
			isa = XCBuildConfiguration;
			baseConfigurationReference = B2F8EC5ABA6C4EDA48D3ED01 /* Pods-GPUImageTest.debug.xcconfig */;
			buildSettings = {
				ASSETCATALOG_COMPILER_APPICON_NAME = AppIcon;
				CODE_SIGN_IDENTITY = "iPhone Developer";
				INFOPLIST_FILE = GPUImageTest/Info.plist;
				IPHONEOS_DEPLOYMENT_TARGET = 8.0;
				LD_RUNPATH_SEARCH_PATHS = "$(inherited) @executable_path/Frameworks";
				PRODUCT_BUNDLE_IDENTIFIER = kangqj.GPUImageTest;
				PRODUCT_NAME = "$(TARGET_NAME)";
			};
			name = Debug;
		};
		C33B526F1DC8810F00DDE0A8 /* Release */ = {
			isa = XCBuildConfiguration;
			baseConfigurationReference = 669FAC0EDFD91F7EE11A4F5D /* Pods-GPUImageTest.release.xcconfig */;
			buildSettings = {
				ASSETCATALOG_COMPILER_APPICON_NAME = AppIcon;
				CODE_SIGN_IDENTITY = "iPhone Developer";
				INFOPLIST_FILE = GPUImageTest/Info.plist;
				IPHONEOS_DEPLOYMENT_TARGET = 8.0;
				LD_RUNPATH_SEARCH_PATHS = "$(inherited) @executable_path/Frameworks";
				PRODUCT_BUNDLE_IDENTIFIER = kangqj.GPUImageTest;
				PRODUCT_NAME = "$(TARGET_NAME)";
			};
			name = Release;
		};
		C33B52711DC8810F00DDE0A8 /* Debug */ = {
			isa = XCBuildConfiguration;
			buildSettings = {
				BUNDLE_LOADER = "$(TEST_HOST)";
				INFOPLIST_FILE = GPUImageTestTests/Info.plist;
				LD_RUNPATH_SEARCH_PATHS = "$(inherited) @executable_path/Frameworks @loader_path/Frameworks";
				PRODUCT_BUNDLE_IDENTIFIER = kangqj.GPUImageTestTests;
				PRODUCT_NAME = "$(TARGET_NAME)";
				TEST_HOST = "$(BUILT_PRODUCTS_DIR)/GPUImageTest.app/GPUImageTest";
			};
			name = Debug;
		};
		C33B52721DC8810F00DDE0A8 /* Release */ = {
			isa = XCBuildConfiguration;
			buildSettings = {
				BUNDLE_LOADER = "$(TEST_HOST)";
				INFOPLIST_FILE = GPUImageTestTests/Info.plist;
				LD_RUNPATH_SEARCH_PATHS = "$(inherited) @executable_path/Frameworks @loader_path/Frameworks";
				PRODUCT_BUNDLE_IDENTIFIER = kangqj.GPUImageTestTests;
				PRODUCT_NAME = "$(TARGET_NAME)";
				TEST_HOST = "$(BUILT_PRODUCTS_DIR)/GPUImageTest.app/GPUImageTest";
			};
			name = Release;
		};
		C33B52741DC8810F00DDE0A8 /* Debug */ = {
			isa = XCBuildConfiguration;
			buildSettings = {
				INFOPLIST_FILE = GPUImageTestUITests/Info.plist;
				LD_RUNPATH_SEARCH_PATHS = "$(inherited) @executable_path/Frameworks @loader_path/Frameworks";
				PRODUCT_BUNDLE_IDENTIFIER = kangqj.GPUImageTestUITests;
				PRODUCT_NAME = "$(TARGET_NAME)";
				TEST_TARGET_NAME = GPUImageTest;
				USES_XCTRUNNER = YES;
			};
			name = Debug;
		};
		C33B52751DC8810F00DDE0A8 /* Release */ = {
			isa = XCBuildConfiguration;
			buildSettings = {
				INFOPLIST_FILE = GPUImageTestUITests/Info.plist;
				LD_RUNPATH_SEARCH_PATHS = "$(inherited) @executable_path/Frameworks @loader_path/Frameworks";
				PRODUCT_BUNDLE_IDENTIFIER = kangqj.GPUImageTestUITests;
				PRODUCT_NAME = "$(TARGET_NAME)";
				TEST_TARGET_NAME = GPUImageTest;
				USES_XCTRUNNER = YES;
			};
			name = Release;
		};
/* End XCBuildConfiguration section */

/* Begin XCConfigurationList section */
		C33B523B1DC8810F00DDE0A8 /* Build configuration list for PBXProject "GPUImageTest" */ = {
			isa = XCConfigurationList;
			buildConfigurations = (
				C33B526B1DC8810F00DDE0A8 /* Debug */,
				C33B526C1DC8810F00DDE0A8 /* Release */,
			);
			defaultConfigurationIsVisible = 0;
			defaultConfigurationName = Release;
		};
		C33B526D1DC8810F00DDE0A8 /* Build configuration list for PBXNativeTarget "GPUImageTest" */ = {
			isa = XCConfigurationList;
			buildConfigurations = (
				C33B526E1DC8810F00DDE0A8 /* Debug */,
				C33B526F1DC8810F00DDE0A8 /* Release */,
			);
			defaultConfigurationIsVisible = 0;
			defaultConfigurationName = Release;
		};
		C33B52701DC8810F00DDE0A8 /* Build configuration list for PBXNativeTarget "GPUImageTestTests" */ = {
			isa = XCConfigurationList;
			buildConfigurations = (
				C33B52711DC8810F00DDE0A8 /* Debug */,
				C33B52721DC8810F00DDE0A8 /* Release */,
			);
			defaultConfigurationIsVisible = 0;
			defaultConfigurationName = Release;
		};
		C33B52731DC8810F00DDE0A8 /* Build configuration list for PBXNativeTarget "GPUImageTestUITests" */ = {
			isa = XCConfigurationList;
			buildConfigurations = (
				C33B52741DC8810F00DDE0A8 /* Debug */,
				C33B52751DC8810F00DDE0A8 /* Release */,
			);
			defaultConfigurationIsVisible = 0;
			defaultConfigurationName = Release;
		};
/* End XCConfigurationList section */
	};
	rootObject = C33B52381DC8810F00DDE0A8 /* Project object */;
}
